
Microsoft Visual Studio Solution File, Format Version 12.00
# Visual Studio 15
VisualStudioVersion = 15.0.28307.1927
MinimumVisualStudioVersion = 10.0.40219.1
Project("{FAE04EC0-301F-11D3-BF4B-00C04F79EFBC}") = "shopingcartFinal", "shopingcartFinal\shopingcartFinal.csproj", "{A878B670-BD62-4B1F-9330-7E824F7209D2}"
EndProject
Global
	GlobalSection(SolutionConfigurationPlatforms) = preSolution
		Debug|Any CPU = Debug|Any CPU
		Release|Any CPU = Release|Any CPU
	EndGlobalSection
	GlobalSection(ProjectConfigurationPlatforms) = postSolution
		{A878B670-BD62-4B1F-9330-7E824F7209D2}.Debug|Any CPU.ActiveCfg = Debug|Any CPU
		{A878B670-BD62-4B1F-9330-7E824F7209D2}.Debug|Any CPU.Build.0 = Debug|Any CPU
		{A878B670-BD62-4B1F-9330-7E824F7209D2}.Release|Any CPU.ActiveCfg = Release|Any CPU
		{A878B670-BD62-4B1F-9330-7E824F7209D2}.Release|Any CPU.Build.0 = Release|Any CPU
	EndGlobalSection
	GlobalSection(SolutionProperties) = preSolution
		HideSolutionNode = FALSE
	EndGlobalSection
	GlobalSection(ExtensibilityGlobals) = postSolution
		SolutionGuid = {75D5DB58-D1C8-41D7-898D-9AF96994EC4B}
	EndGlobalSection
EndGlobal
